// !$*UTF8*$!
{
	archiveVersion = 1;
	classes = {
	};
	objectVersion = 46;
	objects = {

/* Begin PBXBuildFile section */
		13BB7F39D41DC18D701D1E5D /* Pods_FilterViewerTests.framework in Frameworks */ = {isa = PBXBuildFile; fileRef = 9F906357DA4D8F1C4AD244B2 /* Pods_FilterViewerTests.framework */; };
		636CE5E51F287C6B00688DD1 /* AppDelegate.swift in Sources */ = {isa = PBXBuildFile; fileRef = 636CE5E41F287C6B00688DD1 /* AppDelegate.swift */; };
		636CE5E71F287C6B00688DD1 /* ViewController.swift in Sources */ = {isa = PBXBuildFile; fileRef = 636CE5E61F287C6B00688DD1 /* ViewController.swift */; };
		636CE5EA1F287C6B00688DD1 /* Main.storyboard in Resources */ = {isa = PBXBuildFile; fileRef = 636CE5E81F287C6B00688DD1 /* Main.storyboard */; };
		636CE5EC1F287C6B00688DD1 /* Assets.xcassets in Resources */ = {isa = PBXBuildFile; fileRef = 636CE5EB1F287C6B00688DD1 /* Assets.xcassets */; };
		636CE5EF1F287C6B00688DD1 /* LaunchScreen.storyboard in Resources */ = {isa = PBXBuildFile; fileRef = 636CE5ED1F287C6B00688DD1 /* LaunchScreen.storyboard */; };
		636CE5FA1F287C6B00688DD1 /* FilterViewerTests.swift in Sources */ = {isa = PBXBuildFile; fileRef = 636CE5F91F287C6B00688DD1 /* FilterViewerTests.swift */; };
		636CE6051F287C6B00688DD1 /* FilterViewerUITests.swift in Sources */ = {isa = PBXBuildFile; fileRef = 636CE6041F287C6B00688DD1 /* FilterViewerUITests.swift */; };
		636CE61D1F287ECF00688DD1 /* UICollectionViewFlowLayout+.swift in Sources */ = {isa = PBXBuildFile; fileRef = 636CE61B1F287ECF00688DD1 /* UICollectionViewFlowLayout+.swift */; };
		636CE6211F28804600688DD1 /* FiltersCell.swift in Sources */ = {isa = PBXBuildFile; fileRef = 636CE6201F28804600688DD1 /* FiltersCell.swift */; };
		636CE6231F28805C00688DD1 /* FiltersCell.xib in Resources */ = {isa = PBXBuildFile; fileRef = 636CE6221F28805C00688DD1 /* FiltersCell.xib */; };
		636CE6251F2880EA00688DD1 /* FilterHelper.swift in Sources */ = {isa = PBXBuildFile; fileRef = 636CE6241F2880EA00688DD1 /* FilterHelper.swift */; };
		636CE6271F28811500688DD1 /* FilterItem.swift in Sources */ = {isa = PBXBuildFile; fileRef = 636CE6261F28811500688DD1 /* FilterItem.swift */; };
		636CE62B1F28827C00688DD1 /* image1.jpeg in Resources */ = {isa = PBXBuildFile; fileRef = 636CE6281F28827C00688DD1 /* image1.jpeg */; };
		636CE62C1F28827C00688DD1 /* image2.jpeg in Resources */ = {isa = PBXBuildFile; fileRef = 636CE6291F28827C00688DD1 /* image2.jpeg */; };
		636CE62D1F28827C00688DD1 /* image3.jpeg in Resources */ = {isa = PBXBuildFile; fileRef = 636CE62A1F28827C00688DD1 /* image3.jpeg */; };
		636CE62F1F28828C00688DD1 /* ImageHelper.swift in Sources */ = {isa = PBXBuildFile; fileRef = 636CE62E1F28828C00688DD1 /* ImageHelper.swift */; };
		636CE6311F2883F900688DD1 /* FilterCell.swift in Sources */ = {isa = PBXBuildFile; fileRef = 636CE6301F2883F900688DD1 /* FilterCell.swift */; };
		636CE6331F28843000688DD1 /* FilterCell.xib in Resources */ = {isa = PBXBuildFile; fileRef = 636CE6321F28843000688DD1 /* FilterCell.xib */; };
		AA9C915FD3CBF98D16830ABF /* Pods_FilterViewer.framework in Frameworks */ = {isa = PBXBuildFile; fileRef = F0E6EBFC0EBDEFF2F7CBC2EF /* Pods_FilterViewer.framework */; };
		D2CD990EDEB08B072319FBF6 /* Pods_FilterViewerUITests.framework in Frameworks */ = {isa = PBXBuildFile; fileRef = F76980A09BBF13365DEF0D40 /* Pods_FilterViewerUITests.framework */; };
/* End PBXBuildFile section */

/* Begin PBXContainerItemProxy section */
		636CE5F61F287C6B00688DD1 /* PBXContainerItemProxy */ = {
			isa = PBXContainerItemProxy;
			containerPortal = 636CE5D91F287C6B00688DD1 /* Project object */;
			proxyType = 1;
			remoteGlobalIDString = 636CE5E01F287C6B00688DD1;
			remoteInfo = FilterViewer;
		};
		636CE6011F287C6B00688DD1 /* PBXContainerItemProxy */ = {
			isa = PBXContainerItemProxy;
			containerPortal = 636CE5D91F287C6B00688DD1 /* Project object */;
			proxyType = 1;
			remoteGlobalIDString = 636CE5E01F287C6B00688DD1;
			remoteInfo = FilterViewer;
		};
/* End PBXContainerItemProxy section */

/* Begin PBXFileReference section */
		2D48BC6B3E770F3879E7D999 /* Pods-FilterViewer.debug.xcconfig */ = {isa = PBXFileReference; includeInIndex = 1; lastKnownFileType = text.xcconfig; name = "Pods-FilterViewer.debug.xcconfig"; path = "Pods/Target Support Files/Pods-FilterViewer/Pods-FilterViewer.debug.xcconfig"; sourceTree = "<group>"; };
		4EBD6970E9346FA7A209EA96 /* Pods-FilterViewer.release.xcconfig */ = {isa = PBXFileReference; includeInIndex = 1; lastKnownFileType = text.xcconfig; name = "Pods-FilterViewer.release.xcconfig"; path = "Pods/Target Support Files/Pods-FilterViewer/Pods-FilterViewer.release.xcconfig"; sourceTree = "<group>"; };
		636CE5E11F287C6B00688DD1 /* FilterViewer.app */ = {isa = PBXFileReference; explicitFileType = wrapper.application; includeInIndex = 0; path = FilterViewer.app; sourceTree = BUILT_PRODUCTS_DIR; };
		636CE5E41F287C6B00688DD1 /* AppDelegate.swift */ = {isa = PBXFileReference; lastKnownFileType = sourcecode.swift; path = AppDelegate.swift; sourceTree = "<group>"; };
		636CE5E61F287C6B00688DD1 /* ViewController.swift */ = {isa = PBXFileReference; lastKnownFileType = sourcecode.swift; path = ViewController.swift; sourceTree = "<group>"; };
		636CE5E91F287C6B00688DD1 /* Base */ = {isa = PBXFileReference; lastKnownFileType = file.storyboard; name = Base; path = Base.lproj/Main.storyboard; sourceTree = "<group>"; };
		636CE5EB1F287C6B00688DD1 /* Assets.xcassets */ = {isa = PBXFileReference; lastKnownFileType = folder.assetcatalog; path = Assets.xcassets; sourceTree = "<group>"; };
		636CE5EE1F287C6B00688DD1 /* Base */ = {isa = PBXFileReference; lastKnownFileType = file.storyboard; name = Base; path = Base.lproj/LaunchScreen.storyboard; sourceTree = "<group>"; };
		636CE5F01F287C6B00688DD1 /* Info.plist */ = {isa = PBXFileReference; lastKnownFileType = text.plist.xml; path = Info.plist; sourceTree = "<group>"; };
		636CE5F51F287C6B00688DD1 /* FilterViewerTests.xctest */ = {isa = PBXFileReference; explicitFileType = wrapper.cfbundle; includeInIndex = 0; path = FilterViewerTests.xctest; sourceTree = BUILT_PRODUCTS_DIR; };
		636CE5F91F287C6B00688DD1 /* FilterViewerTests.swift */ = {isa = PBXFileReference; lastKnownFileType = sourcecode.swift; path = FilterViewerTests.swift; sourceTree = "<group>"; };
		636CE5FB1F287C6B00688DD1 /* Info.plist */ = {isa = PBXFileReference; lastKnownFileType = text.plist.xml; path = Info.plist; sourceTree = "<group>"; };
		636CE6001F287C6B00688DD1 /* FilterViewerUITests.xctest */ = {isa = PBXFileReference; explicitFileType = wrapper.cfbundle; includeInIndex = 0; path = FilterViewerUITests.xctest; sourceTree = BUILT_PRODUCTS_DIR; };
		636CE6041F287C6B00688DD1 /* FilterViewerUITests.swift */ = {isa = PBXFileReference; lastKnownFileType = sourcecode.swift; path = FilterViewerUITests.swift; sourceTree = "<group>"; };
		636CE6061F287C6B00688DD1 /* Info.plist */ = {isa = PBXFileReference; lastKnownFileType = text.plist.xml; path = Info.plist; sourceTree = "<group>"; };
		636CE61B1F287ECF00688DD1 /* UICollectionViewFlowLayout+.swift */ = {isa = PBXFileReference; fileEncoding = 4; lastKnownFileType = sourcecode.swift; path = "UICollectionViewFlowLayout+.swift"; sourceTree = "<group>"; };
		636CE6201F28804600688DD1 /* FiltersCell.swift */ = {isa = PBXFileReference; fileEncoding = 4; lastKnownFileType = sourcecode.swift; path = FiltersCell.swift; sourceTree = "<group>"; };
		636CE6221F28805C00688DD1 /* FiltersCell.xib */ = {isa = PBXFileReference; fileEncoding = 4; lastKnownFileType = file.xib; path = FiltersCell.xib; sourceTree = "<group>"; };
		636CE6241F2880EA00688DD1 /* FilterHelper.swift */ = {isa = PBXFileReference; fileEncoding = 4; lastKnownFileType = sourcecode.swift; path = FilterHelper.swift; sourceTree = "<group>"; };
		636CE6261F28811500688DD1 /* FilterItem.swift */ = {isa = PBXFileReference; fileEncoding = 4; lastKnownFileType = sourcecode.swift; path = FilterItem.swift; sourceTree = "<group>"; };
		636CE6281F28827C00688DD1 /* image1.jpeg */ = {isa = PBXFileReference; lastKnownFileType = image.jpeg; path = image1.jpeg; sourceTree = "<group>"; };
		636CE6291F28827C00688DD1 /* image2.jpeg */ = {isa = PBXFileReference; lastKnownFileType = image.jpeg; path = image2.jpeg; sourceTree = "<group>"; };
		636CE62A1F28827C00688DD1 /* image3.jpeg */ = {isa = PBXFileReference; lastKnownFileType = image.jpeg; path = image3.jpeg; sourceTree = "<group>"; };
		636CE62E1F28828C00688DD1 /* ImageHelper.swift */ = {isa = PBXFileReference; fileEncoding = 4; lastKnownFileType = sourcecode.swift; path = ImageHelper.swift; sourceTree = "<group>"; };
		636CE6301F2883F900688DD1 /* FilterCell.swift */ = {isa = PBXFileReference; fileEncoding = 4; lastKnownFileType = sourcecode.swift; path = FilterCell.swift; sourceTree = "<group>"; };
		636CE6321F28843000688DD1 /* FilterCell.xib */ = {isa = PBXFileReference; fileEncoding = 4; lastKnownFileType = file.xib; path = FilterCell.xib; sourceTree = "<group>"; };
		93D99E2BD96937914B15F219 /* Pods-FilterViewerTests.debug.xcconfig */ = {isa = PBXFileReference; includeInIndex = 1; lastKnownFileType = text.xcconfig; name = "Pods-FilterViewerTests.debug.xcconfig"; path = "Pods/Target Support Files/Pods-FilterViewerTests/Pods-FilterViewerTests.debug.xcconfig"; sourceTree = "<group>"; };
		9F906357DA4D8F1C4AD244B2 /* Pods_FilterViewerTests.framework */ = {isa = PBXFileReference; explicitFileType = wrapper.framework; includeInIndex = 0; path = Pods_FilterViewerTests.framework; sourceTree = BUILT_PRODUCTS_DIR; };
		B05EE649DBBF33D882952D51 /* Pods-FilterViewerUITests.debug.xcconfig */ = {isa = PBXFileReference; includeInIndex = 1; lastKnownFileType = text.xcconfig; name = "Pods-FilterViewerUITests.debug.xcconfig"; path = "Pods/Target Support Files/Pods-FilterViewerUITests/Pods-FilterViewerUITests.debug.xcconfig"; sourceTree = "<group>"; };
		BA948B3AF48ED0B8FA9139C4 /* Pods-FilterViewerTests.release.xcconfig */ = {isa = PBXFileReference; includeInIndex = 1; lastKnownFileType = text.xcconfig; name = "Pods-FilterViewerTests.release.xcconfig"; path = "Pods/Target Support Files/Pods-FilterViewerTests/Pods-FilterViewerTests.release.xcconfig"; sourceTree = "<group>"; };
		E25E0497173D2EBA75A46C5E /* Pods-FilterViewerUITests.release.xcconfig */ = {isa = PBXFileReference; includeInIndex = 1; lastKnownFileType = text.xcconfig; name = "Pods-FilterViewerUITests.release.xcconfig"; path = "Pods/Target Support Files/Pods-FilterViewerUITests/Pods-FilterViewerUITests.release.xcconfig"; sourceTree = "<group>"; };
		F0E6EBFC0EBDEFF2F7CBC2EF /* Pods_FilterViewer.framework */ = {isa = PBXFileReference; explicitFileType = wrapper.framework; includeInIndex = 0; path = Pods_FilterViewer.framework; sourceTree = BUILT_PRODUCTS_DIR; };
		F76980A09BBF13365DEF0D40 /* Pods_FilterViewerUITests.framework */ = {isa = PBXFileReference; explicitFileType = wrapper.framework; includeInIndex = 0; path = Pods_FilterViewerUITests.framework; sourceTree = BUILT_PRODUCTS_DIR; };
/* End PBXFileReference section */

/* Begin PBXFrameworksBuildPhase section */
		636CE5DE1F287C6B00688DD1 /* Frameworks */ = {
			isa = PBXFrameworksBuildPhase;
			buildActionMask = 2147483647;
			files = (
				AA9C915FD3CBF98D16830ABF /* Pods_FilterViewer.framework in Frameworks */,
			);
			runOnlyForDeploymentPostprocessing = 0;
		};
		636CE5F21F287C6B00688DD1 /* Frameworks */ = {
			isa = PBXFrameworksBuildPhase;
			buildActionMask = 2147483647;
			files = (
				13BB7F39D41DC18D701D1E5D /* Pods_FilterViewerTests.framework in Frameworks */,
			);
			runOnlyForDeploymentPostprocessing = 0;
		};
		636CE5FD1F287C6B00688DD1 /* Frameworks */ = {
			isa = PBXFrameworksBuildPhase;
			buildActionMask = 2147483647;
			files = (
				D2CD990EDEB08B072319FBF6 /* Pods_FilterViewerUITests.framework in Frameworks */,
			);
			runOnlyForDeploymentPostprocessing = 0;
		};
/* End PBXFrameworksBuildPhase section */

/* Begin PBXGroup section */
		284841296A6E88A0C44CA4E6 /* Pods */ = {
			isa = PBXGroup;
			children = (
				2D48BC6B3E770F3879E7D999 /* Pods-FilterViewer.debug.xcconfig */,
				4EBD6970E9346FA7A209EA96 /* Pods-FilterViewer.release.xcconfig */,
				93D99E2BD96937914B15F219 /* Pods-FilterViewerTests.debug.xcconfig */,
				BA948B3AF48ED0B8FA9139C4 /* Pods-FilterViewerTests.release.xcconfig */,
				B05EE649DBBF33D882952D51 /* Pods-FilterViewerUITests.debug.xcconfig */,
				E25E0497173D2EBA75A46C5E /* Pods-FilterViewerUITests.release.xcconfig */,
			);
			name = Pods;
			sourceTree = "<group>";
		};
		54C490CEC1BA8268AA8D5B25 /* Frameworks */ = {
			isa = PBXGroup;
			children = (
				F0E6EBFC0EBDEFF2F7CBC2EF /* Pods_FilterViewer.framework */,
				9F906357DA4D8F1C4AD244B2 /* Pods_FilterViewerTests.framework */,
				F76980A09BBF13365DEF0D40 /* Pods_FilterViewerUITests.framework */,
			);
			name = Frameworks;
			sourceTree = "<group>";
		};
		636CE5D81F287C6B00688DD1 = {
			isa = PBXGroup;
			children = (
				636CE5E31F287C6B00688DD1 /* FilterViewer */,
				636CE5F81F287C6B00688DD1 /* FilterViewerTests */,
				636CE6031F287C6B00688DD1 /* FilterViewerUITests */,
				636CE5E21F287C6B00688DD1 /* Products */,
				284841296A6E88A0C44CA4E6 /* Pods */,
				54C490CEC1BA8268AA8D5B25 /* Frameworks */,
			);
			sourceTree = "<group>";
		};
		636CE5E21F287C6B00688DD1 /* Products */ = {
			isa = PBXGroup;
			children = (
				636CE5E11F287C6B00688DD1 /* FilterViewer.app */,
				636CE5F51F287C6B00688DD1 /* FilterViewerTests.xctest */,
				636CE6001F287C6B00688DD1 /* FilterViewerUITests.xctest */,
			);
			name = Products;
			sourceTree = "<group>";
		};
		636CE5E31F287C6B00688DD1 /* FilterViewer */ = {
			isa = PBXGroup;
			children = (
				636CE5E41F287C6B00688DD1 /* AppDelegate.swift */,
				636CE6171F287E8E00688DD1 /* Model */,
				636CE6161F287E8700688DD1 /* Common */,
				636CE6151F287E8300688DD1 /* Controller */,
				636CE6141F287E7D00688DD1 /* Storyboard */,
				636CE6131F287E7600688DD1 /* Supporting Files */,
				636CE6121F287E6C00688DD1 /* Resources */,
			);
			path = FilterViewer;
			sourceTree = "<group>";
		};
		636CE5F81F287C6B00688DD1 /* FilterViewerTests */ = {
			isa = PBXGroup;
			children = (
				636CE5F91F287C6B00688DD1 /* FilterViewerTests.swift */,
				636CE5FB1F287C6B00688DD1 /* Info.plist */,
			);
			path = FilterViewerTests;
			sourceTree = "<group>";
		};
		636CE6031F287C6B00688DD1 /* FilterViewerUITests */ = {
			isa = PBXGroup;
			children = (
				636CE6041F287C6B00688DD1 /* FilterViewerUITests.swift */,
				636CE6061F287C6B00688DD1 /* Info.plist */,
			);
			path = FilterViewerUITests;
			sourceTree = "<group>";
		};
		636CE6121F287E6C00688DD1 /* Resources */ = {
			isa = PBXGroup;
			children = (
				636CE6281F28827C00688DD1 /* image1.jpeg */,
				636CE6291F28827C00688DD1 /* image2.jpeg */,
				636CE62A1F28827C00688DD1 /* image3.jpeg */,
				636CE5EB1F287C6B00688DD1 /* Assets.xcassets */,
			);
			name = Resources;
			sourceTree = "<group>";
		};
		636CE6131F287E7600688DD1 /* Supporting Files */ = {
			isa = PBXGroup;
			children = (
				636CE5F01F287C6B00688DD1 /* Info.plist */,
			);
			name = "Supporting Files";
			sourceTree = "<group>";
		};
		636CE6141F287E7D00688DD1 /* Storyboard */ = {
			isa = PBXGroup;
			children = (
				636CE5E81F287C6B00688DD1 /* Main.storyboard */,
				636CE5ED1F287C6B00688DD1 /* LaunchScreen.storyboard */,
			);
			name = Storyboard;
			sourceTree = "<group>";
		};
		636CE6151F287E8300688DD1 /* Controller */ = {
			isa = PBXGroup;
			children = (
				636CE5E61F287C6B00688DD1 /* ViewController.swift */,
			);
			name = Controller;
			sourceTree = "<group>";
		};
		636CE6161F287E8700688DD1 /* Common */ = {
			isa = PBXGroup;
			children = (
				636CE61A1F287EBA00688DD1 /* Helper */,
				636CE6191F287EB500688DD1 /* Extension */,
				636CE6181F287EB100688DD1 /* Cells */,
			);
			name = Common;
			sourceTree = "<group>";
		};
		636CE6171F287E8E00688DD1 /* Model */ = {
			isa = PBXGroup;
			children = (
				636CE6261F28811500688DD1 /* FilterItem.swift */,
			);
			name = Model;
			sourceTree = "<group>";
		};
		636CE6181F287EB100688DD1 /* Cells */ = {
			isa = PBXGroup;
			children = (
				636CE6201F28804600688DD1 /* FiltersCell.swift */,
				636CE6221F28805C00688DD1 /* FiltersCell.xib */,
				636CE6301F2883F900688DD1 /* FilterCell.swift */,
				636CE6321F28843000688DD1 /* FilterCell.xib */,
			);
			name = Cells;
			sourceTree = "<group>";
		};
		636CE6191F287EB500688DD1 /* Extension */ = {
			isa = PBXGroup;
			children = (
				636CE61B1F287ECF00688DD1 /* UICollectionViewFlowLayout+.swift */,
			);
			name = Extension;
			sourceTree = "<group>";
		};
		636CE61A1F287EBA00688DD1 /* Helper */ = {
			isa = PBXGroup;
			children = (
				636CE6241F2880EA00688DD1 /* FilterHelper.swift */,
				636CE62E1F28828C00688DD1 /* ImageHelper.swift */,
			);
			name = Helper;
			sourceTree = "<group>";
		};
/* End PBXGroup section */

/* Begin PBXNativeTarget section */
		636CE5E01F287C6B00688DD1 /* FilterViewer */ = {
			isa = PBXNativeTarget;
			buildConfigurationList = 636CE6091F287C6B00688DD1 /* Build configuration list for PBXNativeTarget "FilterViewer" */;
			buildPhases = (
				426AA83125359A82C053448E /* [CP] Check Pods Manifest.lock */,
				636CE5DD1F287C6B00688DD1 /* Sources */,
				636CE5DE1F287C6B00688DD1 /* Frameworks */,
				636CE5DF1F287C6B00688DD1 /* Resources */,
				0602F7D9D04E5174CE2EC082 /* [CP] Embed Pods Frameworks */,
				B86EF0961D9E60400A51A3A3 /* [CP] Copy Pods Resources */,
			);
			buildRules = (
			);
			dependencies = (
			);
			name = FilterViewer;
			productName = FilterViewer;
			productReference = 636CE5E11F287C6B00688DD1 /* FilterViewer.app */;
			productType = "com.apple.product-type.application";
		};
		636CE5F41F287C6B00688DD1 /* FilterViewerTests */ = {
			isa = PBXNativeTarget;
			buildConfigurationList = 636CE60C1F287C6B00688DD1 /* Build configuration list for PBXNativeTarget "FilterViewerTests" */;
			buildPhases = (
				6880EF56546079FA42FF7EED /* [CP] Check Pods Manifest.lock */,
				636CE5F11F287C6B00688DD1 /* Sources */,
				636CE5F21F287C6B00688DD1 /* Frameworks */,
				636CE5F31F287C6B00688DD1 /* Resources */,
				912271B9ABE18316DD1F3DD1 /* [CP] Embed Pods Frameworks */,
				7F2087AA9DD59C4365B949B0 /* [CP] Copy Pods Resources */,
			);
			buildRules = (
			);
			dependencies = (
				636CE5F71F287C6B00688DD1 /* PBXTargetDependency */,
			);
			name = FilterViewerTests;
			productName = FilterViewerTests;
			productReference = 636CE5F51F287C6B00688DD1 /* FilterViewerTests.xctest */;
			productType = "com.apple.product-type.bundle.unit-test";
		};
		636CE5FF1F287C6B00688DD1 /* FilterViewerUITests */ = {
			isa = PBXNativeTarget;
			buildConfigurationList = 636CE60F1F287C6B00688DD1 /* Build configuration list for PBXNativeTarget "FilterViewerUITests" */;
			buildPhases = (
				05C57A2AA903576E40C7D2D7 /* [CP] Check Pods Manifest.lock */,
				636CE5FC1F287C6B00688DD1 /* Sources */,
				636CE5FD1F287C6B00688DD1 /* Frameworks */,
				636CE5FE1F287C6B00688DD1 /* Resources */,
				0864096A1FF4FED43952811F /* [CP] Embed Pods Frameworks */,
				8B1DBF9CDE0BC8EB7B227177 /* [CP] Copy Pods Resources */,
			);
			buildRules = (
			);
			dependencies = (
				636CE6021F287C6B00688DD1 /* PBXTargetDependency */,
			);
			name = FilterViewerUITests;
			productName = FilterViewerUITests;
			productReference = 636CE6001F287C6B00688DD1 /* FilterViewerUITests.xctest */;
			productType = "com.apple.product-type.bundle.ui-testing";
		};
/* End PBXNativeTarget section */

/* Begin PBXProject section */
		636CE5D91F287C6B00688DD1 /* Project object */ = {
			isa = PBXProject;
			attributes = {
				LastSwiftUpdateCheck = 0830;
				LastUpgradeCheck = 0830;
				ORGANIZATIONNAME = pikachu987;
				TargetAttributes = {
					636CE5E01F287C6B00688DD1 = {
						CreatedOnToolsVersion = 8.3.2;
						DevelopmentTeam = 95YHHS8BGP;
						ProvisioningStyle = Automatic;
					};
					636CE5F41F287C6B00688DD1 = {
						CreatedOnToolsVersion = 8.3.2;
						DevelopmentTeam = 95YHHS8BGP;
						ProvisioningStyle = Automatic;
						TestTargetID = 636CE5E01F287C6B00688DD1;
					};
					636CE5FF1F287C6B00688DD1 = {
						CreatedOnToolsVersion = 8.3.2;
						DevelopmentTeam = 95YHHS8BGP;
						ProvisioningStyle = Automatic;
						TestTargetID = 636CE5E01F287C6B00688DD1;
					};
				};
			};
			buildConfigurationList = 636CE5DC1F287C6B00688DD1 /* Build configuration list for PBXProject "FilterViewer" */;
			compatibilityVersion = "Xcode 3.2";
			developmentRegion = English;
			hasScannedForEncodings = 0;
			knownRegions = (
				en,
				Base,
			);
			mainGroup = 636CE5D81F287C6B00688DD1;
			productRefGroup = 636CE5E21F287C6B00688DD1 /* Products */;
			projectDirPath = "";
			projectRoot = "";
			targets = (
				636CE5E01F287C6B00688DD1 /* FilterViewer */,
				636CE5F41F287C6B00688DD1 /* FilterViewerTests */,
				636CE5FF1F287C6B00688DD1 /* FilterViewerUITests */,
			);
		};
/* End PBXProject section */

/* Begin PBXResourcesBuildPhase section */
		636CE5DF1F287C6B00688DD1 /* Resources */ = {
			isa = PBXResourcesBuildPhase;
			buildActionMask = 2147483647;
			files = (
				636CE5EF1F287C6B00688DD1 /* LaunchScreen.storyboard in Resources */,
				636CE6231F28805C00688DD1 /* FiltersCell.xib in Resources */,
				636CE62D1F28827C00688DD1 /* image3.jpeg in Resources */,
				636CE62C1F28827C00688DD1 /* image2.jpeg in Resources */,
				636CE5EC1F287C6B00688DD1 /* Assets.xcassets in Resources */,
				636CE6331F28843000688DD1 /* FilterCell.xib in Resources */,
				636CE62B1F28827C00688DD1 /* image1.jpeg in Resources */,
				636CE5EA1F287C6B00688DD1 /* Main.storyboard in Resources */,
			);
			runOnlyForDeploymentPostprocessing = 0;
		};
		636CE5F31F287C6B00688DD1 /* Resources */ = {
			isa = PBXResourcesBuildPhase;
			buildActionMask = 2147483647;
			files = (
			);
			runOnlyForDeploymentPostprocessing = 0;
		};
		636CE5FE1F287C6B00688DD1 /* Resources */ = {
			isa = PBXResourcesBuildPhase;
			buildActionMask = 2147483647;
			files = (
			);
			runOnlyForDeploymentPostprocessing = 0;
		};
/* End PBXResourcesBuildPhase section */

/* Begin PBXShellScriptBuildPhase section */
		05C57A2AA903576E40C7D2D7 /* [CP] Check Pods Manifest.lock */ = {
			isa = PBXShellScriptBuildPhase;
			buildActionMask = 2147483647;
			files = (
			);
			inputPaths = (
			);
			name = "[CP] Check Pods Manifest.lock";
			outputPaths = (
			);
			runOnlyForDeploymentPostprocessing = 0;
			shellPath = /bin/sh;
			shellScript = "diff \"${PODS_PODFILE_DIR_PATH}/Podfile.lock\" \"${PODS_ROOT}/Manifest.lock\" > /dev/null\nif [ $? != 0 ] ; then\n    # print error to STDERR\n    echo \"error: The sandbox is not in sync with the Podfile.lock. Run 'pod install' or update your CocoaPods installation.\" >&2\n    exit 1\nfi\n";
			showEnvVarsInLog = 0;
		};
		0602F7D9D04E5174CE2EC082 /* [CP] Embed Pods Frameworks */ = {
			isa = PBXShellScriptBuildPhase;
			buildActionMask = 2147483647;
			files = (
			);
			inputPaths = (
			);
			name = "[CP] Embed Pods Frameworks";
			outputPaths = (
			);
			runOnlyForDeploymentPostprocessing = 0;
			shellPath = /bin/sh;
			shellScript = "\"${SRCROOT}/Pods/Target Support Files/Pods-FilterViewer/Pods-FilterViewer-frameworks.sh\"\n";
			showEnvVarsInLog = 0;
		};
		0864096A1FF4FED43952811F /* [CP] Embed Pods Frameworks */ = {
			isa = PBXShellScriptBuildPhase;
			buildActionMask = 2147483647;
			files = (
			);
			inputPaths = (
			);
			name = "[CP] Embed Pods Frameworks";
			outputPaths = (
			);
			runOnlyForDeploymentPostprocessing = 0;
			shellPath = /bin/sh;
			shellScript = "\"${SRCROOT}/Pods/Target Support Files/Pods-FilterViewerUITests/Pods-FilterViewerUITests-frameworks.sh\"\n";
			showEnvVarsInLog = 0;
		};
		426AA83125359A82C053448E /* [CP] Check Pods Manifest.lock */ = {
			isa = PBXShellScriptBuildPhase;
			buildActionMask = 2147483647;
			files = (
			);
			inputPaths = (
			);
			name = "[CP] Check Pods Manifest.lock";
			outputPaths = (
			);
			runOnlyForDeploymentPostprocessing = 0;
			shellPath = /bin/sh;
			shellScript = "diff \"${PODS_PODFILE_DIR_PATH}/Podfile.lock\" \"${PODS_ROOT}/Manifest.lock\" > /dev/null\nif [ $? != 0 ] ; then\n    # print error to STDERR\n    echo \"error: The sandbox is not in sync with the Podfile.lock. Run 'pod install' or update your CocoaPods installation.\" >&2\n    exit 1\nfi\n";
			showEnvVarsInLog = 0;
		};
		6880EF56546079FA42FF7EED /* [CP] Check Pods Manifest.lock */ = {
			isa = PBXShellScriptBuildPhase;
			buildActionMask = 2147483647;
			files = (
			);
			inputPaths = (
			);
			name = "[CP] Check Pods Manifest.lock";
			outputPaths = (
			);
			runOnlyForDeploymentPostprocessing = 0;
			shellPath = /bin/sh;
			shellScript = "diff \"${PODS_PODFILE_DIR_PATH}/Podfile.lock\" \"${PODS_ROOT}/Manifest.lock\" > /dev/null\nif [ $? != 0 ] ; then\n    # print error to STDERR\n    echo \"error: The sandbox is not in sync with the Podfile.lock. Run 'pod install' or update your CocoaPods installation.\" >&2\n    exit 1\nfi\n";
			showEnvVarsInLog = 0;
		};
		7F2087AA9DD59C4365B949B0 /* [CP] Copy Pods Resources */ = {
			isa = PBXShellScriptBuildPhase;
			buildActionMask = 2147483647;
			files = (
			);
			inputPaths = (
			);
			name = "[CP] Copy Pods Resources";
			outputPaths = (
			);
			runOnlyForDeploymentPostprocessing = 0;
			shellPath = /bin/sh;
			shellScript = "\"${SRCROOT}/Pods/Target Support Files/Pods-FilterViewerTests/Pods-FilterViewerTests-resources.sh\"\n";
			showEnvVarsInLog = 0;
		};
		8B1DBF9CDE0BC8EB7B227177 /* [CP] Copy Pods Resources */ = {
			isa = PBXShellScriptBuildPhase;
			buildActionMask = 2147483647;
			files = (
			);
			inputPaths = (
			);
			name = "[CP] Copy Pods Resources";
			outputPaths = (
			);
			runOnlyForDeploymentPostprocessing = 0;
			shellPath = /bin/sh;
			shellScript = "\"${SRCROOT}/Pods/Target Support Files/Pods-FilterViewerUITests/Pods-FilterViewerUITests-resources.sh\"\n";
			showEnvVarsInLog = 0;
		};
		912271B9ABE18316DD1F3DD1 /* [CP] Embed Pods Frameworks */ = {
			isa = PBXShellScriptBuildPhase;
			buildActionMask = 2147483647;
			files = (
			);
			inputPaths = (
			);
			name = "[CP] Embed Pods Frameworks";
			outputPaths = (
			);
			runOnlyForDeploymentPostprocessing = 0;
			shellPath = /bin/sh;
			shellScript = "\"${SRCROOT}/Pods/Target Support Files/Pods-FilterViewerTests/Pods-FilterViewerTests-frameworks.sh\"\n";
			showEnvVarsInLog = 0;
		};
		B86EF0961D9E60400A51A3A3 /* [CP] Copy Pods Resources */ = {
			isa = PBXShellScriptBuildPhase;
			buildActionMask = 2147483647;
			files = (
			);
			inputPaths = (
			);
			name = "[CP] Copy Pods Resources";
			outputPaths = (
			);
			runOnlyForDeploymentPostprocessing = 0;
			shellPath = /bin/sh;
			shellScript = "\"${SRCROOT}/Pods/Target Support Files/Pods-FilterViewer/Pods-FilterViewer-resources.sh\"\n";
			showEnvVarsInLog = 0;
		};
/* End PBXShellScriptBuildPhase section */

/* Begin PBXSourcesBuildPhase section */
		636CE5DD1F287C6B00688DD1 /* Sources */ = {
			isa = PBXSourcesBuildPhase;
			buildActionMask = 2147483647;
			files = (
				636CE6271F28811500688DD1 /* FilterItem.swift in Sources */,
				636CE6311F2883F900688DD1 /* FilterCell.swift in Sources */,
				636CE5E71F287C6B00688DD1 /* ViewController.swift in Sources */,
				636CE6211F28804600688DD1 /* FiltersCell.swift in Sources */,
				636CE6251F2880EA00688DD1 /* FilterHelper.swift in Sources */,
				636CE5E51F287C6B00688DD1 /* AppDelegate.swift in Sources */,
				636CE61D1F287ECF00688DD1 /* UICollectionViewFlowLayout+.swift in Sources */,
				636CE62F1F28828C00688DD1 /* ImageHelper.swift in Sources */,
			);
			runOnlyForDeploymentPostprocessing = 0;
		};
		636CE5F11F287C6B00688DD1 /* Sources */ = {
			isa = PBXSourcesBuildPhase;
			buildActionMask = 2147483647;
			files = (
				636CE5FA1F287C6B00688DD1 /* FilterViewerTests.swift in Sources */,
			);
			runOnlyForDeploymentPostprocessing = 0;
		};
		636CE5FC1F287C6B00688DD1 /* Sources */ = {
			isa = PBXSourcesBuildPhase;
			buildActionMask = 2147483647;
			files = (
				636CE6051F287C6B00688DD1 /* FilterViewerUITests.swift in Sources */,
			);
			runOnlyForDeploymentPostprocessing = 0;
		};
/* End PBXSourcesBuildPhase section */

/* Begin PBXTargetDependency section */
		636CE5F71F287C6B00688DD1 /* PBXTargetDependency */ = {
			isa = PBXTargetDependency;
			target = 636CE5E01F287C6B00688DD1 /* FilterViewer */;
			targetProxy = 636CE5F61F287C6B00688DD1 /* PBXContainerItemProxy */;
		};
		636CE6021F287C6B00688DD1 /* PBXTargetDependency */ = {
			isa = PBXTargetDependency;
			target = 636CE5E01F287C6B00688DD1 /* FilterViewer */;
			targetProxy = 636CE6011F287C6B00688DD1 /* PBXContainerItemProxy */;
		};
/* End PBXTargetDependency section */

/* Begin PBXVariantGroup section */
		636CE5E81F287C6B00688DD1 /* Main.storyboard */ = {
			isa = PBXVariantGroup;
			children = (
				636CE5E91F287C6B00688DD1 /* Base */,
			);
			name = Main.storyboard;
			sourceTree = "<group>";
		};
		636CE5ED1F287C6B00688DD1 /* LaunchScreen.storyboard */ = {
			isa = PBXVariantGroup;
			children = (
				636CE5EE1F287C6B00688DD1 /* Base */,
			);
			name = LaunchScreen.storyboard;
			sourceTree = "<group>";
		};
/* End PBXVariantGroup section */

/* Begin XCBuildConfiguration section */
		636CE6071F287C6B00688DD1 /* Debug */ = {
			isa = XCBuildConfiguration;
			buildSettings = {
				ALWAYS_SEARCH_USER_PATHS = NO;
				CLANG_ANALYZER_NONNULL = YES;
				CLANG_ANALYZER_NUMBER_OBJECT_CONVERSION = YES_AGGRESSIVE;
				CLANG_CXX_LANGUAGE_STANDARD = "gnu++0x";
				CLANG_CXX_LIBRARY = "libc++";
				CLANG_ENABLE_MODULES = YES;
				CLANG_ENABLE_OBJC_ARC = YES;
				CLANG_WARN_BOOL_CONVERSION = YES;
				CLANG_WARN_CONSTANT_CONVERSION = YES;
				CLANG_WARN_DIRECT_OBJC_ISA_USAGE = YES_ERROR;
				CLANG_WARN_DOCUMENTATION_COMMENTS = YES;
				CLANG_WARN_EMPTY_BODY = YES;
				CLANG_WARN_ENUM_CONVERSION = YES;
				CLANG_WARN_INFINITE_RECURSION = YES;
				CLANG_WARN_INT_CONVERSION = YES;
				CLANG_WARN_OBJC_ROOT_CLASS = YES_ERROR;
				CLANG_WARN_SUSPICIOUS_MOVE = YES;
				CLANG_WARN_UNREACHABLE_CODE = YES;
				CLANG_WARN__DUPLICATE_METHOD_MATCH = YES;
				"CODE_SIGN_IDENTITY[sdk=iphoneos*]" = "iPhone Developer";
				COPY_PHASE_STRIP = NO;
				DEBUG_INFORMATION_FORMAT = dwarf;
				ENABLE_STRICT_OBJC_MSGSEND = YES;
				ENABLE_TESTABILITY = YES;
				GCC_C_LANGUAGE_STANDARD = gnu99;
				GCC_DYNAMIC_NO_PIC = NO;
				GCC_NO_COMMON_BLOCKS = YES;
				GCC_OPTIMIZATION_LEVEL = 0;
				GCC_PREPROCESSOR_DEFINITIONS = (
					"DEBUG=1",
					"$(inherited)",
				);
				GCC_WARN_64_TO_32_BIT_CONVERSION = YES;
				GCC_WARN_ABOUT_RETURN_TYPE = YES_ERROR;
				GCC_WARN_UNDECLARED_SELECTOR = YES;
				GCC_WARN_UNINITIALIZED_AUTOS = YES_AGGRESSIVE;
				GCC_WARN_UNUSED_FUNCTION = YES;
				GCC_WARN_UNUSED_VARIABLE = YES;
				IPHONEOS_DEPLOYMENT_TARGET = 10.3;
				MTL_ENABLE_DEBUG_INFO = YES;
				ONLY_ACTIVE_ARCH = YES;
				SDKROOT = iphoneos;
				SWIFT_ACTIVE_COMPILATION_CONDITIONS = DEBUG;
				SWIFT_OPTIMIZATION_LEVEL = "-Onone";
				TARGETED_DEVICE_FAMILY = "1,2";
			};
			name = Debug;
		};
		636CE6081F287C6B00688DD1 /* Release */ = {
			isa = XCBuildConfiguration;
			buildSettings = {
				ALWAYS_SEARCH_USER_PATHS = NO;
				CLANG_ANALYZER_NONNULL = YES;
				CLANG_ANALYZER_NUMBER_OBJECT_CONVERSION = YES_AGGRESSIVE;
				CLANG_CXX_LANGUAGE_STANDARD = "gnu++0x";
				CLANG_CXX_LIBRARY = "libc++";
				CLANG_ENABLE_MODULES = YES;
				CLANG_ENABLE_OBJC_ARC = YES;
				CLANG_WARN_BOOL_CONVERSION = YES;
				CLANG_WARN_CONSTANT_CONVERSION = YES;
				CLANG_WARN_DIRECT_OBJC_ISA_USAGE = YES_ERROR;
				CLANG_WARN_DOCUMENTATION_COMMENTS = YES;
				CLANG_WARN_EMPTY_BODY = YES;
				CLANG_WARN_ENUM_CONVERSION = YES;
				CLANG_WARN_INFINITE_RECURSION = YES;
				CLANG_WARN_INT_CONVERSION = YES;
				CLANG_WARN_OBJC_ROOT_CLASS = YES_ERROR;
				CLANG_WARN_SUSPICIOUS_MOVE = YES;
				CLANG_WARN_UNREACHABLE_CODE = YES;
				CLANG_WARN__DUPLICATE_METHOD_MATCH = YES;
				"CODE_SIGN_IDENTITY[sdk=iphoneos*]" = "iPhone Developer";
				COPY_PHASE_STRIP = NO;
				DEBUG_INFORMATION_FORMAT = "dwarf-with-dsym";
				ENABLE_NS_ASSERTIONS = NO;
				ENABLE_STRICT_OBJC_MSGSEND = YES;
				GCC_C_LANGUAGE_STANDARD = gnu99;
				GCC_NO_COMMON_BLOCKS = YES;
				GCC_WARN_64_TO_32_BIT_CONVERSION = YES;
				GCC_WARN_ABOUT_RETURN_TYPE = YES_ERROR;
				GCC_WARN_UNDECLARED_SELECTOR = YES;
				GCC_WARN_UNINITIALIZED_AUTOS = YES_AGGRESSIVE;
				GCC_WARN_UNUSED_FUNCTION = YES;
				GCC_WARN_UNUSED_VARIABLE = YES;
				IPHONEOS_DEPLOYMENT_TARGET = 10.3;
				MTL_ENABLE_DEBUG_INFO = NO;
				SDKROOT = iphoneos;
				SWIFT_OPTIMIZATION_LEVEL = "-Owholemodule";
				TARGETED_DEVICE_FAMILY = "1,2";
				VALIDATE_PRODUCT = YES;
			};
			name = Release;
		};
		636CE60A1F287C6B00688DD1 /* Debug */ = {
			isa = XCBuildConfiguration;
			baseConfigurationReference = 2D48BC6B3E770F3879E7D999 /* Pods-FilterViewer.debug.xcconfig */;
			buildSettings = {
				ASSETCATALOG_COMPILER_APPICON_NAME = AppIcon;
				DEVELOPMENT_TEAM = 95YHHS8BGP;
				INFOPLIST_FILE = FilterViewer/Info.plist;
				IPHONEOS_DEPLOYMENT_TARGET = 8.0;
				LD_RUNPATH_SEARCH_PATHS = "$(inherited) @executable_path/Frameworks";
				PRODUCT_BUNDLE_IDENTIFIER = com.pikachu987.FilterViewer;
				PRODUCT_NAME = "$(TARGET_NAME)";
				SWIFT_VERSION = 3.0;
			};
			name = Debug;
		};
		636CE60B1F287C6B00688DD1 /* Release */ = {
			isa = XCBuildConfiguration;
			baseConfigurationReference = 4EBD6970E9346FA7A209EA96 /* Pods-FilterViewer.release.xcconfig */;
			buildSettings = {
				ASSETCATALOG_COMPILER_APPICON_NAME = AppIcon;
				DEVELOPMENT_TEAM = 95YHHS8BGP;
				INFOPLIST_FILE = FilterViewer/Info.plist;
				IPHONEOS_DEPLOYMENT_TARGET = 8.0;
				LD_RUNPATH_SEARCH_PATHS = "$(inherited) @executable_path/Frameworks";
				PRODUCT_BUNDLE_IDENTIFIER = com.pikachu987.FilterViewer;
				PRODUCT_NAME = "$(TARGET_NAME)";
				SWIFT_VERSION = 3.0;
			};
			name = Release;
		};
		636CE60D1F287C6B00688DD1 /* Debug */ = {
			isa = XCBuildConfiguration;
			baseConfigurationReference = 93D99E2BD96937914B15F219 /* Pods-FilterViewerTests.debug.xcconfig */;
			buildSettings = {
				ALWAYS_EMBED_SWIFT_STANDARD_LIBRARIES = YES;
				BUNDLE_LOADER = "$(TEST_HOST)";
				DEVELOPMENT_TEAM = 95YHHS8BGP;
				INFOPLIST_FILE = FilterViewerTests/Info.plist;
				LD_RUNPATH_SEARCH_PATHS = "$(inherited) @executable_path/Frameworks @loader_path/Frameworks";
				PRODUCT_BUNDLE_IDENTIFIER = com.pikachu987.FilterViewerTests;
				PRODUCT_NAME = "$(TARGET_NAME)";
				SWIFT_VERSION = 3.0;
				TEST_HOST = "$(BUILT_PRODUCTS_DIR)/FilterViewer.app/FilterViewer";
			};
			name = Debug;
		};
		636CE60E1F287C6B00688DD1 /* Release */ = {
			isa = XCBuildConfiguration;
			baseConfigurationReference = BA948B3AF48ED0B8FA9139C4 /* Pods-FilterViewerTests.release.xcconfig */;
			buildSettings = {
				ALWAYS_EMBED_SWIFT_STANDARD_LIBRARIES = YES;
				BUNDLE_LOADER = "$(TEST_HOST)";
				DEVELOPMENT_TEAM = 95YHHS8BGP;
				INFOPLIST_FILE = FilterViewerTests/Info.plist;
				LD_RUNPATH_SEARCH_PATHS = "$(inherited) @executable_path/Frameworks @loader_path/Frameworks";
				PRODUCT_BUNDLE_IDENTIFIER = com.pikachu987.FilterViewerTests;
				PRODUCT_NAME = "$(TARGET_NAME)";
				SWIFT_VERSION = 3.0;
				TEST_HOST = "$(BUILT_PRODUCTS_DIR)/FilterViewer.app/FilterViewer";
			};
			name = Release;
		};
		636CE6101F287C6B00688DD1 /* Debug */ = {
			isa = XCBuildConfiguration;
			baseConfigurationReference = B05EE649DBBF33D882952D51 /* Pods-FilterViewerUITests.debug.xcconfig */;
			buildSettings = {
				ALWAYS_EMBED_SWIFT_STANDARD_LIBRARIES = YES;
				DEVELOPMENT_TEAM = 95YHHS8BGP;
				INFOPLIST_FILE = FilterViewerUITests/Info.plist;
				LD_RUNPATH_SEARCH_PATHS = "$(inherited) @executable_path/Frameworks @loader_path/Frameworks";
				PRODUCT_BUNDLE_IDENTIFIER = com.pikachu987.FilterViewerUITests;
				PRODUCT_NAME = "$(TARGET_NAME)";
				SWIFT_VERSION = 3.0;
				TEST_TARGET_NAME = FilterViewer;
			};
			name = Debug;
		};
		636CE6111F287C6B00688DD1 /* Release */ = {
			isa = XCBuildConfiguration;
			baseConfigurationReference = E25E0497173D2EBA75A46C5E /* Pods-FilterViewerUITests.release.xcconfig */;
			buildSettings = {
				ALWAYS_EMBED_SWIFT_STANDARD_LIBRARIES = YES;
				DEVELOPMENT_TEAM = 95YHHS8BGP;
				INFOPLIST_FILE = FilterViewerUITests/Info.plist;
				LD_RUNPATH_SEARCH_PATHS = "$(inherited) @executable_path/Frameworks @loader_path/Frameworks";
				PRODUCT_BUNDLE_IDENTIFIER = com.pikachu987.FilterViewerUITests;
				PRODUCT_NAME = "$(TARGET_NAME)";
				SWIFT_VERSION = 3.0;
				TEST_TARGET_NAME = FilterViewer;
			};
			name = Release;
		};
/* End XCBuildConfiguration section */

/* Begin XCConfigurationList section */
		636CE5DC1F287C6B00688DD1 /* Build configuration list for PBXProject "FilterViewer" */ = {
			isa = XCConfigurationList;
			buildConfigurations = (
				636CE6071F287C6B00688DD1 /* Debug */,
				636CE6081F287C6B00688DD1 /* Release */,
			);
			defaultConfigurationIsVisible = 0;
			defaultConfigurationName = Release;
		};
		636CE6091F287C6B00688DD1 /* Build configuration list for PBXNativeTarget "FilterViewer" */ = {
			isa = XCConfigurationList;
			buildConfigurations = (
				636CE60A1F287C6B00688DD1 /* Debug */,
				636CE60B1F287C6B00688DD1 /* Release */,
			);
			defaultConfigurationIsVisible = 0;
			defaultConfigurationName = Release;
		};
		636CE60C1F287C6B00688DD1 /* Build configuration list for PBXNativeTarget "FilterViewerTests" */ = {
			isa = XCConfigurationList;
			buildConfigurations = (
				636CE60D1F287C6B00688DD1 /* Debug */,
				636CE60E1F287C6B00688DD1 /* Release */,
			);
			defaultConfigurationIsVisible = 0;
			defaultConfigurationName = Release;
		};
		636CE60F1F287C6B00688DD1 /* Build configuration list for PBXNativeTarget "FilterViewerUITests" */ = {
			isa = XCConfigurationList;
			buildConfigurations = (
				636CE6101F287C6B00688DD1 /* Debug */,
				636CE6111F287C6B00688DD1 /* Release */,
			);
			defaultConfigurationIsVisible = 0;
			defaultConfigurationName = Release;
		};
/* End XCConfigurationList section */
	};
	rootObject = 636CE5D91F287C6B00688DD1 /* Project object */;
}
